# This file is automatically @generated by Cargo.
# It is not intended for manual editing.
version = 3

[[package]]
name = "cc"
version = "1.0.50"
source = "registry+https://github.com/rust-lang/crates.io-index"
checksum = "95e28fa049fda1c330bcf9d723be7663a899c4679724b34c81e9f5a326aab8cd"
dependencies = [
 "jobserver",
]

[[package]]
name = "ctor"
version = "0.1.26"
source = "registry+https://github.com/rust-lang/crates.io-index"
checksum = "6d2301688392eb071b0bf1a37be05c469d3cc4dbbd95df672fe28ab021e6a096"
dependencies = [
 "quote",
 "syn",
]

[[package]]
name = "ghost"
version = "0.1.6"
source = "registry+https://github.com/rust-lang/crates.io-index"
checksum = "eb19fe8de3ea0920d282f7b77dd4227aea6b8b999b42cdf0ca41b2472b14443a"
dependencies = [
 "proc-macro2",
 "quote",
 "syn",
]

[[package]]
name = "icm20948"
version = "0.0.0"
dependencies = [
 "cc",
 "safer-ffi",
]

[[package]]
name = "inventory"
version = "0.1.11"
source = "registry+https://github.com/rust-lang/crates.io-index"
checksum = "f0eb5160c60ba1e809707918ee329adb99d222888155835c6feedba19f6c3fd4"
dependencies = [
 "ctor",
 "ghost",
 "inventory-impl",
]

[[package]]
name = "inventory-impl"
version = "0.1.11"
source = "registry+https://github.com/rust-lang/crates.io-index"
checksum = "7e41b53715c6f0c4be49510bb82dee2c1e51c8586d885abe65396e82ed518548"
dependencies = [
 "proc-macro2",
 "quote",
 "syn",
]

[[package]]
name = "jobserver"
version = "0.1.25"
source = "registry+https://github.com/rust-lang/crates.io-index"
checksum = "068b1ee6743e4d11fb9c6a1e6064b3693a1b600e7f5f5988047d98b3dc9fb90b"
dependencies = [
 "libc",
]

[[package]]
name = "libc"
version = "0.2.137"
source = "registry+https://github.com/rust-lang/crates.io-index"
checksum = "fc7fcc620a3bff7cdd7a365be3376c97191aeaccc2a603e600951e452615bf89"

[[package]]
name = "mini_paste"
version = "0.1.11"
source = "registry+https://github.com/rust-lang/crates.io-index"
checksum = "d2499b7bd9834270bf24cfc4dd96be59020ba6fd7f3276b772aee2de66e82b63"
dependencies = [
 "mini_paste-proc_macro",
]

[[package]]
name = "mini_paste-proc_macro"
version = "0.1.11"
source = "registry+https://github.com/rust-lang/crates.io-index"
checksum = "e6c5f1f52e39b728e73af4b454f1b29173d4544607bd395dafe1918fd149db67"

[[package]]
name = "proc-macro-hack"
version = "0.5.19"
source = "registry+https://github.com/rust-lang/crates.io-index"
checksum = "dbf0c48bc1d91375ae5c3cd81e3722dff1abcf81a30960240640d223f59fe0e5"

[[package]]
name = "proc-macro2"
version = "1.0.47"
source = "registry+https://github.com/rust-lang/crates.io-index"
checksum = "5ea3d908b0e36316caf9e9e2c4625cdde190a7e6f440d794667ed17a1855e725"
dependencies = [
 "unicode-ident",
]

[[package]]
name = "quote"
version = "1.0.21"
source = "registry+https://github.com/rust-lang/crates.io-index"
checksum = "bbe448f377a7d6961e30f5955f9b8d106c3f5e449d493ee1b125c1d43c2b5179"
dependencies = [
 "proc-macro2",
]

[[package]]
name = "require_unsafe_in_body"
version = "0.2.1"
source = "registry+https://github.com/rust-lang/crates.io-index"
checksum = "296446f2214753e33792f632262451e8d037cd9697df15db2fd531bdce5a0138"
dependencies = [
 "proc-macro2",
 "quote",
 "syn",
]

[[package]]
name = "safer-ffi"
version = "0.0.10"
source = "registry+https://github.com/rust-lang/crates.io-index"
checksum = "40c710243617290d86a49a30564d94d0b646eacf6d7b67035e20d6e8a21f1193"
dependencies = [
 "inventory",
 "libc",
 "mini_paste",
 "proc-macro-hack",
 "require_unsafe_in_body",
 "safer_ffi-proc_macro",
]

[[package]]
name = "safer_ffi-proc_macro"
version = "0.0.10"
source = "registry+https://github.com/rust-lang/crates.io-index"
checksum = "bc02dc034daa0944eb133b448f261ef7422ccae768e30f30ce5cdeb4ae4e506c"
dependencies = [
 "proc-macro-hack",
 "proc-macro2",
 "quote",
 "syn",
]

[[package]]
name = "syn"
version = "1.0.103"
source = "registry+https://github.com/rust-lang/crates.io-index"
checksum = "a864042229133ada95abf3b54fdc62ef5ccabe9515b64717bcb9a1919e59445d"
dependencies = [
 "proc-macro2",
 "quote",
 "unicode-ident",
]

[[package]]
name = "unicode-ident"
version = "1.0.5"
source = "registry+https://github.com/rust-lang/crates.io-index"
checksum = "6ceab39d59e4c9499d4e5a8ee0e2735b891bb7308ac83dfb4e80cad195c9f6f3"
